{
  "version": 4,
  "terraform_version": "1.14.8",
  "serial": 47,
  "lineage": "861235cd-9031-096a-dfc8-a4e7e6b9950b",
  "outputs": {
    "certificate_validation_records": {
      "value": [
        {
          "name": "_5c9c5dcb4632ae936dd885e0a7a7e691.vitalsync.ravibollepalli.me.",
          "record": "_ed32da13014227aa244000a6012b8e5d.jkddzztszm.acm-validations.aws.",
          "type": "CNAME"
        }
      ],
      "type": [
        "tuple",
        [
          [
            "object",
            {
              "name": "string",
              "record": "string",
              "type": "string"
            }
          ]
        ]
      ]
    },
    "github_actions_role_arn": {
      "value": "arn:aws:iam::806435615853:role/vitalsync-github-actions-role",
      "type": "string"
    }
  },
  "resources": [
    {
      "mode": "managed",
      "type": "aws_acm_certificate",
      "name": "cert",
      "provider": "provider[\"registry.terraform.io/hashicorp/aws\"]",
      "instances": [
        {
          "schema_version": 0,
          "attributes": {
            "arn": "arn:aws:acm:us-east-1:806435615853:certificate/5b5fbd62-6c36-4e66-9876-7febed7f78da",
            "certificate_authority_arn": "",
            "certificate_body": null,
            "certificate_chain": null,
            "domain_name": "vitalsync.ravibollepalli.me",
            "domain_validation_options": [
              {
                "domain_name": "vitalsync.ravibollepalli.me",
                "resource_record_name": "_5c9c5dcb4632ae936dd885e0a7a7e691.vitalsync.ravibollepalli.me.",
                "resource_record_type": "CNAME",
                "resource_record_value": "_ed32da13014227aa244000a6012b8e5d.jkddzztszm.acm-validations.aws."
              }
            ],
            "early_renewal_duration": "",
            "id": "arn:aws:acm:us-east-1:806435615853:certificate/5b5fbd62-6c36-4e66-9876-7febed7f78da",
            "key_algorithm": "RSA_2048",
            "not_after": "",
            "not_before": "",
            "options": [
              {
                "certificate_transparency_logging_preference": "ENABLED"
              }
            ],
            "pending_renewal": false,
            "private_key": null,
            "renewal_eligibility": "INELIGIBLE",
            "renewal_summary": [],
            "status": "PENDING_VALIDATION",
            "subject_alternative_names": [
              "vitalsync.ravibollepalli.me"
            ],
            "tags": {},
            "tags_all": {},
            "type": "AMAZON_ISSUED",
            "validation_emails": [],
            "validation_method": "DNS",
            "validation_option": []
          },
          "sensitive_attributes": [
            [
              {
                "type": "get_attr",
                "value": "private_key"
              }
            ]
          ],
          "identity_schema_version": 0,
          "private": "bnVsbA==",
          "create_before_destroy": true
        }
      ]
    },
    {
      "mode": "managed",
      "type": "aws_ecr_repository",
      "name": "backend",
      "provider": "provider[\"registry.terraform.io/hashicorp/aws\"]",
      "instances": [
        {
          "schema_version": 0,
          "attributes": {
            "arn": "arn:aws:ecr:us-east-1:806435615853:repository/vitalsync-backend",
            "encryption_configuration": [
              {
                "encryption_type": "AES256",
                "kms_key": ""
              }
            ],
            "force_delete": true,
            "id": "vitalsync-backend",
            "image_scanning_configuration": [
              {
                "scan_on_push": false
              }
            ],
            "image_tag_mutability": "MUTABLE",
            "name": "vitalsync-backend",
            "registry_id": "806435615853",
            "repository_url": "806435615853.dkr.ecr.us-east-1.amazonaws.com/vitalsync-backend",
            "tags": {},
            "tags_all": {},
            "timeouts": null
          },
          "sensitive_attributes": [],
          "identity_schema_version": 0,
          "private": "eyJlMmJmYjczMC1lY2FhLTExZTYtOGY4OC0zNDM2M2JjN2M0YzAiOnsiZGVsZXRlIjoxMjAwMDAwMDAwMDAwfX0="
        }
      ]
    },
    {
      "mode": "managed",
      "type": "aws_iam_openid_connect_provider",
      "name": "github",
      "provider": "provider[\"registry.terraform.io/hashicorp/aws\"]",
      "instances": [
        {
          "schema_version": 0,
          "attributes": {
            "arn": "arn:aws:iam::806435615853:oidc-provider/token.actions.githubusercontent.com",
            "client_id_list": [
              "sts.amazonaws.com"
            ],
            "id": "arn:aws:iam::806435615853:oidc-provider/token.actions.githubusercontent.com",
            "tags": {},
            "tags_all": {},
            "thumbprint_list": [
              "6938fd4d98bab03faadb97b34396831e3780aea1"
            ],
            "url": "token.actions.githubusercontent.com"
          },
          "sensitive_attributes": [],
          "identity_schema_version": 0,
          "private": "bnVsbA=="
        }
      ]
    },
    {
      "mode": "managed",
      "type": "aws_iam_role",
      "name": "github_actions",
      "provider": "provider[\"registry.terraform.io/hashicorp/aws\"]",
      "instances": [
        {
          "schema_version": 0,
          "attributes": {
            "arn": "arn:aws:iam::806435615853:role/vitalsync-github-actions-role",
            "assume_role_policy": "{\"Statement\":[{\"Action\":\"sts:AssumeRoleWithWebIdentity\",\"Condition\":{\"StringEquals\":{\"token.actions.githubusercontent.com:aud\":\"sts.amazonaws.com\"},\"StringLike\":{\"token.actions.githubusercontent.com:sub\":\"repo:rcb1409/vital-sync:*\"}},\"Effect\":\"Allow\",\"Principal\":{\"Federated\":\"arn:aws:iam::806435615853:oidc-provider/token.actions.githubusercontent.com\"}}],\"Version\":\"2012-10-17\"}",
            "create_date": "2026-04-17T20:57:13Z",
            "description": "",
            "force_detach_policies": false,
            "id": "vitalsync-github-actions-role",
            "inline_policy": [],
            "managed_policy_arns": [
              "arn:aws:iam::aws:policy/AdministratorAccess"
            ],
            "max_session_duration": 3600,
            "name": "vitalsync-github-actions-role",
            "name_prefix": "",
            "path": "/",
            "permissions_boundary": "",
            "tags": {},
            "tags_all": {},
            "unique_id": "AROA3XQ2O6RW7VMZWEAPK"
          },
          "sensitive_attributes": [],
          "identity_schema_version": 0,
          "private": "bnVsbA==",
          "dependencies": [
            "aws_iam_openid_connect_provider.github"
          ]
        }
      ]
    },
    {
      "mode": "managed",
      "type": "aws_iam_role_policy_attachment",
      "name": "github_actions_admin",
      "provider": "provider[\"registry.terraform.io/hashicorp/aws\"]",
      "instances": [
        {
          "schema_version": 0,
          "attributes": {
            "id": "vitalsync-github-actions-role-20260417205713534300000003",
            "policy_arn": "arn:aws:iam::aws:policy/AdministratorAccess",
            "role": "vitalsync-github-actions-role"
          },
          "sensitive_attributes": [],
          "identity_schema_version": 0,
          "private": "bnVsbA==",
          "dependencies": [
            "aws_iam_openid_connect_provider.github",
            "aws_iam_role.github_actions"
          ]
        }
      ]
    },
    {
      "module": "module.ecs",
      "mode": "data",
      "type": "aws_iam_policy_document",
      "name": "ecs_assume_role",
      "provider": "provider[\"registry.terraform.io/hashicorp/aws\"]",
      "instances": [
        {
          "schema_version": 0,
          "attributes": {
            "id": "1077804475",
            "json": "{\n  \"Version\": \"2012-10-17\",\n  \"Statement\": [\n    {\n      \"Effect\": \"Allow\",\n      \"Action\": \"sts:AssumeRole\",\n      \"Principal\": {\n        \"Service\": \"ecs-tasks.amazonaws.com\"\n      }\n    }\n  ]\n}",
            "minified_json": "{\"Version\":\"2012-10-17\",\"Statement\":[{\"Effect\":\"Allow\",\"Action\":\"sts:AssumeRole\",\"Principal\":{\"Service\":\"ecs-tasks.amazonaws.com\"}}]}",
            "override_json": null,
            "override_policy_documents": null,
            "policy_id": null,
            "source_json": null,
            "source_policy_documents": null,
            "statement": [
              {
                "actions": [
                  "sts:AssumeRole"
                ],
                "condition": [],
                "effect": "Allow",
                "not_actions": [],
                "not_principals": [],
                "not_resources": [],
                "principals": [
                  {
                    "identifiers": [
                      "ecs-tasks.amazonaws.com"
                    ],
                    "type": "Service"
                  }
                ],
                "resources": [],
                "sid": ""
              }
            ],
            "version": "2012-10-17"
          },
          "sensitive_attributes": [],
          "identity_schema_version": 0
        }
      ]
    },
    {
      "module": "module.ecs",
      "mode": "managed",
      "type": "aws_cloudwatch_log_group",
      "name": "api",
      "provider": "provider[\"registry.terraform.io/hashicorp/aws\"]",
      "instances": [
        {
          "schema_version": 0,
          "attributes": {
            "arn": "arn:aws:logs:us-east-1:806435615853:log-group:/ecs/production-vitalsync-api",
            "id": "/ecs/production-vitalsync-api",
            "kms_key_id": "",
            "log_group_class": "STANDARD",
            "name": "/ecs/production-vitalsync-api",
            "name_prefix": "",
            "retention_in_days": 7,
            "skip_destroy": false,
            "tags": {},
            "tags_all": {}
          },
          "sensitive_attributes": [],
          "identity_schema_version": 0,
          "private": "bnVsbA=="
        }
      ]
    },
    {
      "module": "module.ecs",
      "mode": "managed",
      "type": "aws_ecs_cluster",
      "name": "main",
      "provider": "provider[\"registry.terraform.io/hashicorp/aws\"]",
      "instances": [
        {
          "schema_version": 0,
          "attributes": {
            "arn": "arn:aws:ecs:us-east-1:806435615853:cluster/production-vitalsync-cluster",
            "configuration": [],
            "id": "arn:aws:ecs:us-east-1:806435615853:cluster/production-vitalsync-cluster",
            "name": "production-vitalsync-cluster",
            "service_connect_defaults": [],
            "setting": [
              {
                "name": "containerInsights",
                "value": "disabled"
              }
            ],
            "tags": {},
            "tags_all": {}
          },
          "sensitive_attributes": [],
          "identity_schema_version": 0,
          "private": "bnVsbA=="
        }
      ]
    },
    {
      "module": "module.ecs",
      "mode": "managed",
      "type": "aws_ecs_service",
      "name": "api",
      "provider": "provider[\"registry.terraform.io/hashicorp/aws\"]",
      "instances": [
        {
          "schema_version": 1,
          "attributes": {
            "alarms": [],
            "availability_zone_rebalancing": "DISABLED",
            "capacity_provider_strategy": [],
            "cluster": "arn:aws:ecs:us-east-1:806435615853:cluster/production-vitalsync-cluster",
            "deployment_circuit_breaker": [
              {
                "enable": false,
                "rollback": false
              }
            ],
            "deployment_controller": [
              {
                "type": "ECS"
              }
            ],
            "deployment_maximum_percent": 200,
            "deployment_minimum_healthy_percent": 100,
            "desired_count": 1,
            "enable_ecs_managed_tags": false,
            "enable_execute_command": false,
            "force_delete": null,
            "force_new_deployment": null,
            "health_check_grace_period_seconds": 0,
            "iam_role": "/aws-service-role/ecs.amazonaws.com/AWSServiceRoleForECS",
            "id": "arn:aws:ecs:us-east-1:806435615853:service/production-vitalsync-cluster/production-vitalsync-api",
            "launch_type": "FARGATE",
            "load_balancer": [
              {
                "container_name": "vitalsync-api",
                "container_port": 4000,
                "elb_name": "",
                "target_group_arn": "arn:aws:elasticloadbalancing:us-east-1:806435615853:targetgroup/production-vitalsync-tg/90366728132ee224"
              }
            ],
            "name": "production-vitalsync-api",
            "network_configuration": [
              {
                "assign_public_ip": false,
                "security_groups": [
                  "sg-0d8f7f87e85b54d70"
                ],
                "subnets": [
                  "subnet-0548e479ff7bc3ce1",
                  "subnet-0c3df08b1e2c086b2"
                ]
              }
            ],
            "ordered_placement_strategy": [],
            "placement_constraints": [],
            "platform_version": "LATEST",
            "propagate_tags": "NONE",
            "scheduling_strategy": "REPLICA",
            "service_connect_configuration": [],
            "service_registries": [],
            "tags": {},
            "tags_all": {},
            "task_definition": "arn:aws:ecs:us-east-1:806435615853:task-definition/production-vitalsync-api:1",
            "timeouts": null,
            "triggers": {},
            "volume_configuration": [],
            "vpc_lattice_configurations": [],
            "wait_for_steady_state": false
          },
          "sensitive_attributes": [],
          "identity_schema_version": 0,
          "private": "eyJlMmJmYjczMC1lY2FhLTExZTYtOGY4OC0zNDM2M2JjN2M0YzAiOnsiY3JlYXRlIjoxMjAwMDAwMDAwMDAwLCJkZWxldGUiOjEyMDAwMDAwMDAwMDAsInVwZGF0ZSI6MTIwMDAwMDAwMDAwMH0sInNjaGVtYV92ZXJzaW9uIjoiMSJ9",
          "dependencies": [
            "module.ecs.aws_cloudwatch_log_group.api",
            "module.ecs.aws_ecs_cluster.main",
            "module.ecs.aws_ecs_task_definition.api",
            "module.ecs.aws_iam_role.execution_role",
            "module.ecs.aws_lb_target_group.api",
            "module.ecs.aws_security_group.alb",
            "module.ecs.aws_security_group.ecs",
            "module.ecs.data.aws_iam_policy_document.ecs_assume_role",
            "module.vpc.aws_subnet.private_1",
            "module.vpc.aws_subnet.private_2",
            "module.vpc.aws_vpc.main"
          ]
        }
      ]
    },
    {
      "module": "module.ecs",
      "mode": "managed",
      "type": "aws_ecs_task_definition",
      "name": "api",
      "provider": "provider[\"registry.terraform.io/hashicorp/aws\"]",
      "instances": [
        {
          "schema_version": 1,
          "attributes": {
            "arn": "arn:aws:ecs:us-east-1:806435615853:task-definition/production-vitalsync-api:1",
            "arn_without_revision": "arn:aws:ecs:us-east-1:806435615853:task-definition/production-vitalsync-api",
            "container_definitions": "[{\"environment\":[],\"essential\":true,\"image\":\"placeholder-image-url\",\"logConfiguration\":{\"logDriver\":\"awslogs\",\"options\":{\"awslogs-group\":\"/ecs/production-vitalsync-api\",\"awslogs-region\":\"us-east-1\",\"awslogs-stream-prefix\":\"ecs\"}},\"mountPoints\":[],\"name\":\"vitalsync-api\",\"portMappings\":[{\"containerPort\":4000,\"hostPort\":4000,\"protocol\":\"tcp\"}],\"systemControls\":[],\"volumesFrom\":[]}]",
            "cpu": "256",
            "enable_fault_injection": false,
            "ephemeral_storage": [],
            "execution_role_arn": "arn:aws:iam::806435615853:role/production-vitalsync-execution-role",
            "family": "production-vitalsync-api",
            "id": "production-vitalsync-api",
            "inference_accelerator": [],
            "ipc_mode": "",
            "memory": "512",
            "network_mode": "awsvpc",
            "pid_mode": "",
            "placement_constraints": [],
            "proxy_configuration": [],
            "requires_compatibilities": [
              "FARGATE"
            ],
            "revision": 1,
            "runtime_platform": [],
            "skip_destroy": false,
            "tags": {},
            "tags_all": {},
            "task_role_arn": "",
            "track_latest": false,
            "volume": []
          },
          "sensitive_attributes": [],
          "identity_schema_version": 0,
          "private": "eyJzY2hlbWFfdmVyc2lvbiI6IjEifQ==",
          "dependencies": [
            "module.ecs.aws_cloudwatch_log_group.api",
            "module.ecs.aws_iam_role.execution_role",
            "module.ecs.data.aws_iam_policy_document.ecs_assume_role"
          ]
        }
      ]
    },
    {
      "module": "module.ecs",
      "mode": "managed",
      "type": "aws_iam_role",
      "name": "execution_role",
      "provider": "provider[\"registry.terraform.io/hashicorp/aws\"]",
      "instances": [
        {
          "schema_version": 0,
          "attributes": {
            "arn": "arn:aws:iam::806435615853:role/production-vitalsync-execution-role",
            "assume_role_policy": "{\"Statement\":[{\"Action\":\"sts:AssumeRole\",\"Effect\":\"Allow\",\"Principal\":{\"Service\":\"ecs-tasks.amazonaws.com\"}}],\"Version\":\"2012-10-17\"}",
            "create_date": "2026-04-17T20:57:12Z",
            "description": "",
            "force_detach_policies": false,
            "id": "production-vitalsync-execution-role",
            "inline_policy": [],
            "managed_policy_arns": [
              "arn:aws:iam::aws:policy/service-role/AmazonECSTaskExecutionRolePolicy"
            ],
            "max_session_duration": 3600,
            "name": "production-vitalsync-execution-role",
            "name_prefix": "",
            "path": "/",
            "permissions_boundary": "",
            "tags": {},
            "tags_all": {},
            "unique_id": "AROA3XQ2O6RW364MKU5K6"
          },
          "sensitive_attributes": [],
          "identity_schema_version": 0,
          "private": "bnVsbA==",
          "dependencies": [
            "module.ecs.data.aws_iam_policy_document.ecs_assume_role"
          ]
        }
      ]
    },
    {
      "module": "module.ecs",
      "mode": "managed",
      "type": "aws_iam_role_policy_attachment",
      "name": "execution_role_policy",
      "provider": "provider[\"registry.terraform.io/hashicorp/aws\"]",
      "instances": [
        {
          "schema_version": 0,
          "attributes": {
            "id": "production-vitalsync-execution-role-20260417205713433400000002",
            "policy_arn": "arn:aws:iam::aws:policy/service-role/AmazonECSTaskExecutionRolePolicy",
            "role": "production-vitalsync-execution-role"
          },
          "sensitive_attributes": [],
          "identity_schema_version": 0,
          "private": "bnVsbA==",
          "dependencies": [
            "module.ecs.aws_iam_role.execution_role",
            "module.ecs.data.aws_iam_policy_document.ecs_assume_role"
          ]
        }
      ]
    },
    {
      "module": "module.ecs",
      "mode": "managed",
      "type": "aws_lb",
      "name": "main",
      "provider": "provider[\"registry.terraform.io/hashicorp/aws\"]",
      "instances": [
        {
          "schema_version": 0,
          "attributes": {
            "access_logs": [
              {
                "bucket": "",
                "enabled": false,
                "prefix": ""
              }
            ],
            "arn": "arn:aws:elasticloadbalancing:us-east-1:806435615853:loadbalancer/app/production-vitalsync-alb/53e4d21db12a74a5",
            "arn_suffix": "app/production-vitalsync-alb/53e4d21db12a74a5",
            "client_keep_alive": 3600,
            "connection_logs": [
              {
                "bucket": "",
                "enabled": false,
                "prefix": ""
              }
            ],
            "customer_owned_ipv4_pool": "",
            "desync_mitigation_mode": "defensive",
            "dns_name": "production-vitalsync-alb-1214857559.us-east-1.elb.amazonaws.com",
            "dns_record_client_routing_policy": null,
            "drop_invalid_header_fields": false,
            "enable_cross_zone_load_balancing": true,
            "enable_deletion_protection": false,
            "enable_http2": true,
            "enable_tls_version_and_cipher_suite_headers": false,
            "enable_waf_fail_open": false,
            "enable_xff_client_port": false,
            "enable_zonal_shift": false,
            "enforce_security_group_inbound_rules_on_private_link_traffic": "",
            "id": "arn:aws:elasticloadbalancing:us-east-1:806435615853:loadbalancer/app/production-vitalsync-alb/53e4d21db12a74a5",
            "idle_timeout": 60,
            "internal": false,
            "ip_address_type": "ipv4",
            "ipam_pools": [],
            "load_balancer_type": "application",
            "minimum_load_balancer_capacity": [],
            "name": "production-vitalsync-alb",
            "name_prefix": "",
            "preserve_host_header": false,
            "security_groups": [
              "sg-056d3b920a54e1c12"
            ],
            "subnet_mapping": [
              {
                "allocation_id": "",
                "ipv6_address": "",
                "outpost_id": "",
                "private_ipv4_address": "",
                "subnet_id": "subnet-04581153589841d2d"
              },
              {
                "allocation_id": "",
                "ipv6_address": "",
                "outpost_id": "",
                "private_ipv4_address": "",
                "subnet_id": "subnet-08b0a0182e395eff5"
              }
            ],
            "subnets": [
              "subnet-04581153589841d2d",
              "subnet-08b0a0182e395eff5"
            ],
            "tags": {},
            "tags_all": {},
            "timeouts": null,
            "vpc_id": "vpc-0e7252c83e509fb12",
            "xff_header_processing_mode": "append",
            "zone_id": "Z35SXDOTRQ7X7K"
          },
          "sensitive_attributes": [],
          "identity_schema_version": 0,
          "private": "eyJlMmJmYjczMC1lY2FhLTExZTYtOGY4OC0zNDM2M2JjN2M0YzAiOnsiY3JlYXRlIjo2MDAwMDAwMDAwMDAsImRlbGV0ZSI6NjAwMDAwMDAwMDAwLCJ1cGRhdGUiOjYwMDAwMDAwMDAwMH19",
          "dependencies": [
            "module.ecs.aws_security_group.alb",
            "module.vpc.aws_subnet.public_1",
            "module.vpc.aws_subnet.public_2",
            "module.vpc.aws_vpc.main"
          ]
        }
      ]
    },
    {
      "module": "module.ecs",
      "mode": "managed",
      "type": "aws_lb_listener",
      "name": "http",
      "provider": "provider[\"registry.terraform.io/hashicorp/aws\"]",
      "instances": [
        {
          "schema_version": 0,
          "attributes": {
            "alpn_policy": null,
            "arn": "arn:aws:elasticloadbalancing:us-east-1:806435615853:listener/app/production-vitalsync-alb/53e4d21db12a74a5/1ed5bcc11900fffe",
            "certificate_arn": null,
            "default_action": [
              {
                "authenticate_cognito": [],
                "authenticate_oidc": [],
                "fixed_response": [],
                "forward": [],
                "order": 1,
                "redirect": [],
                "target_group_arn": "arn:aws:elasticloadbalancing:us-east-1:806435615853:targetgroup/production-vitalsync-tg/90366728132ee224",
                "type": "forward"
              }
            ],
            "id": "arn:aws:elasticloadbalancing:us-east-1:806435615853:listener/app/production-vitalsync-alb/53e4d21db12a74a5/1ed5bcc11900fffe",
            "load_balancer_arn": "arn:aws:elasticloadbalancing:us-east-1:806435615853:loadbalancer/app/production-vitalsync-alb/53e4d21db12a74a5",
            "mutual_authentication": [],
            "port": 80,
            "protocol": "HTTP",
            "routing_http_request_x_amzn_mtls_clientcert_header_name": null,
            "routing_http_request_x_amzn_mtls_clientcert_issuer_header_name": null,
            "routing_http_request_x_amzn_mtls_clientcert_leaf_header_name": null,
            "routing_http_request_x_amzn_mtls_clientcert_serial_number_header_name": null,
            "routing_http_request_x_amzn_mtls_clientcert_subject_header_name": null,
            "routing_http_request_x_amzn_mtls_clientcert_validity_header_name": null,
            "routing_http_request_x_amzn_tls_cipher_suite_header_name": null,
            "routing_http_request_x_amzn_tls_version_header_name": null,
            "routing_http_response_access_control_allow_credentials_header_value": "",
            "routing_http_response_access_control_allow_headers_header_value": "",
            "routing_http_response_access_control_allow_methods_header_value": "",
            "routing_http_response_access_control_allow_origin_header_value": "",
            "routing_http_response_access_control_expose_headers_header_value": "",
            "routing_http_response_access_control_max_age_header_value": "",
            "routing_http_response_content_security_policy_header_value": "",
            "routing_http_response_server_enabled": true,
            "routing_http_response_strict_transport_security_header_value": "",
            "routing_http_response_x_content_type_options_header_value": "",
            "routing_http_response_x_frame_options_header_value": "",
            "ssl_policy": "",
            "tags": {},
            "tags_all": {},
            "tcp_idle_timeout_seconds": null,
            "timeouts": null
          },
          "sensitive_attributes": [],
          "identity_schema_version": 0,
          "private": "eyJlMmJmYjczMC1lY2FhLTExZTYtOGY4OC0zNDM2M2JjN2M0YzAiOnsiY3JlYXRlIjozMDAwMDAwMDAwMDAsInVwZGF0ZSI6MzAwMDAwMDAwMDAwfX0=",
          "dependencies": [
            "module.ecs.aws_lb.main",
            "module.ecs.aws_lb_target_group.api",
            "module.ecs.aws_security_group.alb",
            "module.vpc.aws_subnet.public_1",
            "module.vpc.aws_subnet.public_2",
            "module.vpc.aws_vpc.main"
          ]
        }
      ]
    },
    {
      "module": "module.ecs",
      "mode": "managed",
      "type": "aws_lb_target_group",
      "name": "api",
      "provider": "provider[\"registry.terraform.io/hashicorp/aws\"]",
      "instances": [
        {
          "schema_version": 0,
          "attributes": {
            "arn": "arn:aws:elasticloadbalancing:us-east-1:806435615853:targetgroup/production-vitalsync-tg/90366728132ee224",
            "arn_suffix": "targetgroup/production-vitalsync-tg/90366728132ee224",
            "connection_termination": null,
            "deregistration_delay": "300",
            "health_check": [
              {
                "enabled": true,
                "healthy_threshold": 2,
                "interval": 30,
                "matcher": "200",
                "path": "/api/health",
                "port": "traffic-port",
                "protocol": "HTTP",
                "timeout": 5,
                "unhealthy_threshold": 10
              }
            ],
            "id": "arn:aws:elasticloadbalancing:us-east-1:806435615853:targetgroup/production-vitalsync-tg/90366728132ee224",
            "ip_address_type": "ipv4",
            "lambda_multi_value_headers_enabled": false,
            "load_balancer_arns": [
              "arn:aws:elasticloadbalancing:us-east-1:806435615853:loadbalancer/app/production-vitalsync-alb/53e4d21db12a74a5"
            ],
            "load_balancing_algorithm_type": "round_robin",
            "load_balancing_anomaly_mitigation": "off",
            "load_balancing_cross_zone_enabled": "use_load_balancer_configuration",
            "name": "production-vitalsync-tg",
            "name_prefix": "",
            "port": 4000,
            "preserve_client_ip": null,
            "protocol": "HTTP",
            "protocol_version": "HTTP1",
            "proxy_protocol_v2": false,
            "slow_start": 0,
            "stickiness": [
              {
                "cookie_duration": 86400,
                "cookie_name": "",
                "enabled": false,
                "type": "lb_cookie"
              }
            ],
            "tags": {},
            "tags_all": {},
            "target_failover": [
              {
                "on_deregistration": null,
                "on_unhealthy": null
              }
            ],
            "target_group_health": [
              {
                "dns_failover": [
                  {
                    "minimum_healthy_targets_count": "1",
                    "minimum_healthy_targets_percentage": "off"
                  }
                ],
                "unhealthy_state_routing": [
                  {
                    "minimum_healthy_targets_count": 1,
                    "minimum_healthy_targets_percentage": "off"
                  }
                ]
              }
            ],
            "target_health_state": [
              {
                "enable_unhealthy_connection_termination": null,
                "unhealthy_draining_interval": null
              }
            ],
            "target_type": "ip",
            "vpc_id": "vpc-0e7252c83e509fb12"
          },
          "sensitive_attributes": [],
          "identity_schema_version": 0,
          "private": "bnVsbA==",
          "dependencies": [
            "module.vpc.aws_vpc.main"
          ]
        }
      ]
    },
    {
      "module": "module.ecs",
      "mode": "managed",
      "type": "aws_security_group",
      "name": "alb",
      "provider": "provider[\"registry.terraform.io/hashicorp/aws\"]",
      "instances": [
        {
          "schema_version": 1,
          "attributes": {
            "arn": "arn:aws:ec2:us-east-1:806435615853:security-group/sg-056d3b920a54e1c12",
            "description": "Allow inbound HTTP/HTTPS traffic to ALB",
            "egress": [
              {
                "cidr_blocks": [
                  "0.0.0.0/0"
                ],
                "description": "",
                "from_port": 0,
                "ipv6_cidr_blocks": [],
                "prefix_list_ids": [],
                "protocol": "-1",
                "security_groups": [],
                "self": false,
                "to_port": 0
              }
            ],
            "id": "sg-056d3b920a54e1c12",
            "ingress": [
              {
                "cidr_blocks": [
                  "0.0.0.0/0"
                ],
                "description": "",
                "from_port": 80,
                "ipv6_cidr_blocks": [],
                "prefix_list_ids": [],
                "protocol": "tcp",
                "security_groups": [],
                "self": false,
                "to_port": 80
              }
            ],
            "name": "production-vitalsync-alb-sg",
            "name_prefix": "",
            "owner_id": "806435615853",
            "revoke_rules_on_delete": false,
            "tags": {},
            "tags_all": {},
            "timeouts": null,
            "vpc_id": "vpc-0e7252c83e509fb12"
          },
          "sensitive_attributes": [],
          "identity_schema_version": 0,
          "private": "eyJlMmJmYjczMC1lY2FhLTExZTYtOGY4OC0zNDM2M2JjN2M0YzAiOnsiY3JlYXRlIjo2MDAwMDAwMDAwMDAsImRlbGV0ZSI6OTAwMDAwMDAwMDAwfSwic2NoZW1hX3ZlcnNpb24iOiIxIn0=",
          "dependencies": [
            "module.vpc.aws_vpc.main"
          ]
        }
      ]
    },
    {
      "module": "module.ecs",
      "mode": "managed",
      "type": "aws_security_group",
      "name": "ecs",
      "provider": "provider[\"registry.terraform.io/hashicorp/aws\"]",
      "instances": [
        {
          "schema_version": 1,
          "attributes": {
            "arn": "arn:aws:ec2:us-east-1:806435615853:security-group/sg-0d8f7f87e85b54d70",
            "description": "Security group for Express server",
            "egress": [
              {
                "cidr_blocks": [
                  "0.0.0.0/0"
                ],
                "description": "",
                "from_port": 0,
                "ipv6_cidr_blocks": [],
                "prefix_list_ids": [],
                "protocol": "-1",
                "security_groups": [],
                "self": false,
                "to_port": 0
              }
            ],
            "id": "sg-0d8f7f87e85b54d70",
            "ingress": [
              {
                "cidr_blocks": [],
                "description": "",
                "from_port": 4000,
                "ipv6_cidr_blocks": [],
                "prefix_list_ids": [],
                "protocol": "tcp",
                "security_groups": [
                  "sg-056d3b920a54e1c12"
                ],
                "self": false,
                "to_port": 4000
              }
            ],
            "name": "production-vitalsync-ecs-sg",
            "name_prefix": "",
            "owner_id": "806435615853",
            "revoke_rules_on_delete": false,
            "tags": {},
            "tags_all": {},
            "timeouts": null,
            "vpc_id": "vpc-0e7252c83e509fb12"
          },
          "sensitive_attributes": [],
          "identity_schema_version": 0,
          "private": "eyJlMmJmYjczMC1lY2FhLTExZTYtOGY4OC0zNDM2M2JjN2M0YzAiOnsiY3JlYXRlIjo2MDAwMDAwMDAwMDAsImRlbGV0ZSI6OTAwMDAwMDAwMDAwfSwic2NoZW1hX3ZlcnNpb24iOiIxIn0=",
          "dependencies": [
            "module.ecs.aws_security_group.alb",
            "module.vpc.aws_vpc.main"
          ]
        }
      ]
    },
    {
      "module": "module.elasticache",
      "mode": "managed",
      "type": "aws_elasticache_cluster",
      "name": "main",
      "provider": "provider[\"registry.terraform.io/hashicorp/aws\"]",
      "instances": [
        {
          "schema_version": 0,
          "attributes": {
            "apply_immediately": null,
            "arn": "arn:aws:elasticache:us-east-1:806435615853:cluster:production-vitalsync-redis",
            "auto_minor_version_upgrade": "true",
            "availability_zone": "us-east-1b",
            "az_mode": "single-az",
            "cache_nodes": [
              {
                "address": "production-vitalsync-redis.tvdqfn.0001.use1.cache.amazonaws.com",
                "availability_zone": "us-east-1b",
                "id": "0001",
                "outpost_arn": "",
                "port": 6379
              }
            ],
            "cluster_address": null,
            "cluster_id": "production-vitalsync-redis",
            "configuration_endpoint": null,
            "engine": "redis",
            "engine_version": "7.1",
            "engine_version_actual": "7.1.0",
            "final_snapshot_identifier": null,
            "id": "production-vitalsync-redis",
            "ip_discovery": "ipv4",
            "log_delivery_configuration": [],
            "maintenance_window": "tue:08:00-tue:09:00",
            "network_type": "ipv4",
            "node_type": "cache.t4g.micro",
            "notification_topic_arn": null,
            "num_cache_nodes": 1,
            "outpost_mode": null,
            "parameter_group_name": "default.redis7",
            "port": 6379,
            "preferred_availability_zones": null,
            "preferred_outpost_arn": "",
            "replication_group_id": "",
            "security_group_ids": [
              "sg-07e9ff9ac48d7c707"
            ],
            "snapshot_arns": null,
            "snapshot_name": null,
            "snapshot_retention_limit": 0,
            "snapshot_window": "09:30-10:30",
            "subnet_group_name": "production-vitalsync-redis-subnet-group",
            "tags": {},
            "tags_all": {},
            "timeouts": null,
            "transit_encryption_enabled": false
          },
          "sensitive_attributes": [],
          "identity_schema_version": 0,
          "private": "eyJlMmJmYjczMC1lY2FhLTExZTYtOGY4OC0zNDM2M2JjN2M0YzAiOnsiY3JlYXRlIjoyNDAwMDAwMDAwMDAwLCJkZWxldGUiOjI0MDAwMDAwMDAwMDAsInVwZGF0ZSI6NDgwMDAwMDAwMDAwMH19",
          "dependencies": [
            "module.elasticache.aws_elasticache_subnet_group.main",
            "module.elasticache.aws_security_group.redis",
            "module.vpc.aws_subnet.private_1",
            "module.vpc.aws_subnet.private_2",
            "module.vpc.aws_vpc.main"
          ]
        }
      ]
    },
    {
      "module": "module.elasticache",
      "mode": "managed",
      "type": "aws_elasticache_subnet_group",
      "name": "main",
      "provider": "provider[\"registry.terraform.io/hashicorp/aws\"]",
      "instances": [
        {
          "schema_version": 0,
          "attributes": {
            "arn": "arn:aws:elasticache:us-east-1:806435615853:subnetgroup:production-vitalsync-redis-subnet-group",
            "description": "Managed by Terraform",
            "id": "production-vitalsync-redis-subnet-group",
            "name": "production-vitalsync-redis-subnet-group",
            "subnet_ids": [
              "subnet-0548e479ff7bc3ce1",
              "subnet-0c3df08b1e2c086b2"
            ],
            "tags": {},
            "tags_all": {},
            "vpc_id": "vpc-0e7252c83e509fb12"
          },
          "sensitive_attributes": [],
          "identity_schema_version": 0,
          "private": "bnVsbA==",
          "dependencies": [
            "module.vpc.aws_subnet.private_1",
            "module.vpc.aws_subnet.private_2",
            "module.vpc.aws_vpc.main"
          ]
        }
      ]
    },
    {
      "module": "module.elasticache",
      "mode": "managed",
      "type": "aws_security_group",
      "name": "redis",
      "provider": "provider[\"registry.terraform.io/hashicorp/aws\"]",
      "instances": [
        {
          "schema_version": 1,
          "attributes": {
            "arn": "arn:aws:ec2:us-east-1:806435615853:security-group/sg-07e9ff9ac48d7c707",
            "description": "Allow Redis inbound traffic from VPC",
            "egress": [
              {
                "cidr_blocks": [
                  "0.0.0.0/0"
                ],
                "description": "",
                "from_port": 0,
                "ipv6_cidr_blocks": [],
                "prefix_list_ids": [],
                "protocol": "-1",
                "security_groups": [],
                "self": false,
                "to_port": 0
              }
            ],
            "id": "sg-07e9ff9ac48d7c707",
            "ingress": [
              {
                "cidr_blocks": [
                  "10.0.0.0/16"
                ],
                "description": "Redis from VPC",
                "from_port": 6379,
                "ipv6_cidr_blocks": [],
                "prefix_list_ids": [],
                "protocol": "tcp",
                "security_groups": [],
                "self": false,
                "to_port": 6379
              }
            ],
            "name": "production-vitalsync-redis-sg",
            "name_prefix": "",
            "owner_id": "806435615853",
            "revoke_rules_on_delete": false,
            "tags": {},
            "tags_all": {},
            "timeouts": null,
            "vpc_id": "vpc-0e7252c83e509fb12"
          },
          "sensitive_attributes": [],
          "identity_schema_version": 0,
          "private": "eyJlMmJmYjczMC1lY2FhLTExZTYtOGY4OC0zNDM2M2JjN2M0YzAiOnsiY3JlYXRlIjo2MDAwMDAwMDAwMDAsImRlbGV0ZSI6OTAwMDAwMDAwMDAwfSwic2NoZW1hX3ZlcnNpb24iOiIxIn0=",
          "dependencies": [
            "module.vpc.aws_vpc.main"
          ]
        }
      ]
    },
    {
      "module": "module.frontend",
      "mode": "data",
      "type": "aws_iam_policy_document",
      "name": "s3_policy",
      "provider": "provider[\"registry.terraform.io/hashicorp/aws\"]",
      "instances": [
        {
          "schema_version": 0,
          "attributes": {
            "id": "403797404",
            "json": "{\n  \"Version\": \"2012-10-17\",\n  \"Statement\": [\n    {\n      \"Effect\": \"Allow\",\n      \"Action\": \"s3:GetObject\",\n      \"Resource\": \"arn:aws:s3:::production-vitalsync-frontend/*\",\n      \"Principal\": {\n        \"Service\": \"cloudfront.amazonaws.com\"\n      },\n      \"Condition\": {\n        \"StringEquals\": {\n          \"AWS:SourceArn\": \"arn:aws:cloudfront::806435615853:distribution/ENOJ3K22OAF69\"\n        }\n      }\n    }\n  ]\n}",
            "minified_json": "{\"Version\":\"2012-10-17\",\"Statement\":[{\"Effect\":\"Allow\",\"Action\":\"s3:GetObject\",\"Resource\":\"arn:aws:s3:::production-vitalsync-frontend/*\",\"Principal\":{\"Service\":\"cloudfront.amazonaws.com\"},\"Condition\":{\"StringEquals\":{\"AWS:SourceArn\":\"arn:aws:cloudfront::806435615853:distribution/ENOJ3K22OAF69\"}}}]}",
            "override_json": null,
            "override_policy_documents": null,
            "policy_id": null,
            "source_json": null,
            "source_policy_documents": null,
            "statement": [
              {
                "actions": [
                  "s3:GetObject"
                ],
                "condition": [
                  {
                    "test": "StringEquals",
                    "values": [
                      "arn:aws:cloudfront::806435615853:distribution/ENOJ3K22OAF69"
                    ],
                    "variable": "AWS:SourceArn"
                  }
                ],
                "effect": "Allow",
                "not_actions": [],
                "not_principals": [],
                "not_resources": [],
                "principals": [
                  {
                    "identifiers": [
                      "cloudfront.amazonaws.com"
                    ],
                    "type": "Service"
                  }
                ],
                "resources": [
                  "arn:aws:s3:::production-vitalsync-frontend/*"
                ],
                "sid": ""
              }
            ],
            "version": "2012-10-17"
          },
          "sensitive_attributes": [],
          "identity_schema_version": 0
        }
      ]
    },
    {
      "module": "module.frontend",
      "mode": "managed",
      "type": "aws_cloudfront_distribution",
      "name": "cdn",
      "provider": "provider[\"registry.terraform.io/hashicorp/aws\"]",
      "instances": [
        {
          "schema_version": 1,
          "attributes": {
            "aliases": null,
            "arn": "arn:aws:cloudfront::806435615853:distribution/ENOJ3K22OAF69",
            "caller_reference": "terraform-20260417210855644700000001",
            "comment": null,
            "continuous_deployment_policy_id": "",
            "custom_error_response": [
              {
                "error_caching_min_ttl": 10,
                "error_code": 403,
                "response_code": 200,
                "response_page_path": "/index.html"
              },
              {
                "error_caching_min_ttl": 10,
                "error_code": 404,
                "response_code": 200,
                "response_page_path": "/index.html"
              }
            ],
            "default_cache_behavior": [
              {
                "allowed_methods": [
                  "GET",
                  "HEAD",
                  "OPTIONS"
                ],
                "cache_policy_id": "658327ea-f89d-4fab-a63d-7e88639e58f6",
                "cached_methods": [
                  "GET",
                  "HEAD"
                ],
                "compress": true,
                "default_ttl": 0,
                "field_level_encryption_id": "",
                "forwarded_values": [],
                "function_association": [],
                "grpc_config": [
                  {
                    "enabled": false
                  }
                ],
                "lambda_function_association": [],
                "max_ttl": 0,
                "min_ttl": 0,
                "origin_request_policy_id": "",
                "realtime_log_config_arn": "",
                "response_headers_policy_id": "",
                "smooth_streaming": false,
                "target_origin_id": "S3Origin",
                "trusted_key_groups": [],
                "trusted_signers": [],
                "viewer_protocol_policy": "redirect-to-https"
              }
            ],
            "default_root_object": "index.html",
            "domain_name": "d1her77l5cansx.cloudfront.net",
            "enabled": true,
            "etag": "E23ZP02F085DFQ",
            "hosted_zone_id": "Z2FDTNDATAQYW2",
            "http_version": "http2",
            "id": "ENOJ3K22OAF69",
            "in_progress_validation_batches": 0,
            "is_ipv6_enabled": true,
            "last_modified_time": "2026-04-17 21:08:55.874 +0000 UTC",
            "logging_config": [],
            "ordered_cache_behavior": [
              {
                "allowed_methods": [
                  "DELETE",
                  "GET",
                  "HEAD",
                  "OPTIONS",
                  "PATCH",
                  "POST",
                  "PUT"
                ],
                "cache_policy_id": "4135ea2d-6df8-44a3-9df3-4b5a84be39ad",
                "cached_methods": [
                  "GET",
                  "HEAD"
                ],
                "compress": false,
                "default_ttl": 0,
                "field_level_encryption_id": "",
                "forwarded_values": [],
                "function_association": [],
                "grpc_config": [
                  {
                    "enabled": false
                  }
                ],
                "lambda_function_association": [],
                "max_ttl": 0,
                "min_ttl": 0,
                "origin_request_policy_id": "216adef6-5c7f-47e4-b989-5492eafa07d3",
                "path_pattern": "/api/*",
                "realtime_log_config_arn": "",
                "response_headers_policy_id": "",
                "smooth_streaming": false,
                "target_origin_id": "ALBOrigin",
                "trusted_key_groups": null,
                "trusted_signers": null,
                "viewer_protocol_policy": "redirect-to-https"
              },
              {
                "allowed_methods": [
                  "DELETE",
                  "GET",
                  "HEAD",
                  "OPTIONS",
                  "PATCH",
                  "POST",
                  "PUT"
                ],
                "cache_policy_id": "4135ea2d-6df8-44a3-9df3-4b5a84be39ad",
                "cached_methods": [
                  "GET",
                  "HEAD"
                ],
                "compress": false,
                "default_ttl": 0,
                "field_level_encryption_id": "",
                "forwarded_values": [],
                "function_association": [],
                "grpc_config": [
                  {
                    "enabled": false
                  }
                ],
                "lambda_function_association": [],
                "max_ttl": 0,
                "min_ttl": 0,
                "origin_request_policy_id": "216adef6-5c7f-47e4-b989-5492eafa07d3",
                "path_pattern": "/graphql",
                "realtime_log_config_arn": "",
                "response_headers_policy_id": "",
                "smooth_streaming": false,
                "target_origin_id": "ALBOrigin",
                "trusted_key_groups": null,
                "trusted_signers": null,
                "viewer_protocol_policy": "redirect-to-https"
              }
            ],
            "origin": [
              {
                "connection_attempts": 3,
                "connection_timeout": 10,
                "custom_header": [],
                "custom_origin_config": [
                  {
                    "http_port": 80,
                    "https_port": 443,
                    "origin_keepalive_timeout": 5,
                    "origin_protocol_policy": "http-only",
                    "origin_read_timeout": 30,
                    "origin_ssl_protocols": [
                      "TLSv1.2"
                    ]
                  }
                ],
                "domain_name": "production-vitalsync-alb-1214857559.us-east-1.elb.amazonaws.com",
                "origin_access_control_id": "",
                "origin_id": "ALBOrigin",
                "origin_path": "",
                "origin_shield": [],
                "s3_origin_config": [],
                "vpc_origin_config": []
              },
              {
                "connection_attempts": 3,
                "connection_timeout": 10,
                "custom_header": [],
                "custom_origin_config": [],
                "domain_name": "production-vitalsync-frontend.s3.us-east-1.amazonaws.com",
                "origin_access_control_id": "E3UP0IL15975D9",
                "origin_id": "S3Origin",
                "origin_path": "",
                "origin_shield": [],
                "s3_origin_config": [],
                "vpc_origin_config": []
              }
            ],
            "origin_group": [],
            "price_class": "PriceClass_All",
            "restrictions": [
              {
                "geo_restriction": [
                  {
                    "locations": [],
                    "restriction_type": "none"
                  }
                ]
              }
            ],
            "retain_on_delete": false,
            "staging": false,
            "status": "Deployed",
            "tags": {
              "Environment": "production",
              "Name": "production-vitalsync-cdn"
            },
            "tags_all": {
              "Environment": "production",
              "Name": "production-vitalsync-cdn"
            },
            "trusted_key_groups": [
              {
                "enabled": false,
                "items": []
              }
            ],
            "trusted_signers": [
              {
                "enabled": false,
                "items": []
              }
            ],
            "viewer_certificate": [
              {
                "acm_certificate_arn": "",
                "cloudfront_default_certificate": true,
                "iam_certificate_id": "",
                "minimum_protocol_version": "TLSv1",
                "ssl_support_method": ""
              }
            ],
            "wait_for_deployment": true,
            "web_acl_id": ""
          },
          "sensitive_attributes": [],
          "identity_schema_version": 0,
          "private": "eyJzY2hlbWFfdmVyc2lvbiI6IjEifQ==",
          "dependencies": [
            "module.ecs.aws_lb.main",
            "module.ecs.aws_security_group.alb",
            "module.frontend.aws_cloudfront_origin_access_control.default",
            "module.frontend.aws_s3_bucket.react_app",
            "module.vpc.aws_subnet.public_1",
            "module.vpc.aws_subnet.public_2",
            "module.vpc.aws_vpc.main"
          ]
        }
      ]
    },
    {
      "module": "module.frontend",
      "mode": "managed",
      "type": "aws_cloudfront_origin_access_control",
      "name": "default",
      "provider": "provider[\"registry.terraform.io/hashicorp/aws\"]",
      "instances": [
        {
          "schema_version": 0,
          "attributes": {
            "arn": "arn:aws:cloudfront::806435615853:origin-access-control/E3UP0IL15975D9",
            "description": "OAC for React App",
            "etag": "ETVPDKIKX0DER",
            "id": "E3UP0IL15975D9",
            "name": "production-vitalsync-oac",
            "origin_access_control_origin_type": "s3",
            "signing_behavior": "always",
            "signing_protocol": "sigv4"
          },
          "sensitive_attributes": [],
          "identity_schema_version": 0,
          "private": "bnVsbA=="
        }
      ]
    },
    {
      "module": "module.frontend",
      "mode": "managed",
      "type": "aws_s3_bucket",
      "name": "react_app",
      "provider": "provider[\"registry.terraform.io/hashicorp/aws\"]",
      "instances": [
        {
          "schema_version": 0,
          "attributes": {
            "acceleration_status": "",
            "acl": null,
            "arn": "arn:aws:s3:::production-vitalsync-frontend",
            "bucket": "production-vitalsync-frontend",
            "bucket_domain_name": "production-vitalsync-frontend.s3.amazonaws.com",
            "bucket_prefix": "",
            "bucket_regional_domain_name": "production-vitalsync-frontend.s3.us-east-1.amazonaws.com",
            "cors_rule": [],
            "force_destroy": false,
            "grant": [
              {
                "id": "97e6cdb6b6052ec8a61723e1c89b58dae1d06e71568743789ce732fca76c4fa8",
                "permissions": [
                  "FULL_CONTROL"
                ],
                "type": "CanonicalUser",
                "uri": ""
              }
            ],
            "hosted_zone_id": "Z3AQBSTGFYJSTF",
            "id": "production-vitalsync-frontend",
            "lifecycle_rule": [],
            "logging": [],
            "object_lock_configuration": [],
            "object_lock_enabled": false,
            "policy": "",
            "region": "us-east-1",
            "replication_configuration": [],
            "request_payer": "BucketOwner",
            "server_side_encryption_configuration": [
              {
                "rule": [
                  {
                    "apply_server_side_encryption_by_default": [
                      {
                        "kms_master_key_id": "",
                        "sse_algorithm": "AES256"
                      }
                    ],
                    "bucket_key_enabled": false
                  }
                ]
              }
            ],
            "tags": {
              "Environment": "production",
              "Name": "production-vitalsync-frontend"
            },
            "tags_all": {
              "Environment": "production",
              "Name": "production-vitalsync-frontend"
            },
            "timeouts": null,
            "versioning": [
              {
                "enabled": false,
                "mfa_delete": false
              }
            ],
            "website": [],
            "website_domain": null,
            "website_endpoint": null
          },
          "sensitive_attributes": [],
          "identity_schema_version": 0,
          "private": "eyJlMmJmYjczMC1lY2FhLTExZTYtOGY4OC0zNDM2M2JjN2M0YzAiOnsiY3JlYXRlIjoxMjAwMDAwMDAwMDAwLCJkZWxldGUiOjM2MDAwMDAwMDAwMDAsInJlYWQiOjEyMDAwMDAwMDAwMDAsInVwZGF0ZSI6MTIwMDAwMDAwMDAwMH19"
        }
      ]
    },
    {
      "module": "module.frontend",
      "mode": "managed",
      "type": "aws_s3_bucket_policy",
      "name": "react_app",
      "provider": "provider[\"registry.terraform.io/hashicorp/aws\"]",
      "instances": [
        {
          "schema_version": 0,
          "attributes": {
            "bucket": "production-vitalsync-frontend",
            "id": "production-vitalsync-frontend",
            "policy": "{\"Statement\":[{\"Action\":\"s3:GetObject\",\"Condition\":{\"StringEquals\":{\"AWS:SourceArn\":\"arn:aws:cloudfront::806435615853:distribution/ENOJ3K22OAF69\"}},\"Effect\":\"Allow\",\"Principal\":{\"Service\":\"cloudfront.amazonaws.com\"},\"Resource\":\"arn:aws:s3:::production-vitalsync-frontend/*\"}],\"Version\":\"2012-10-17\"}"
          },
          "sensitive_attributes": [],
          "identity_schema_version": 0,
          "private": "bnVsbA==",
          "dependencies": [
            "module.ecs.aws_lb.main",
            "module.ecs.aws_security_group.alb",
            "module.frontend.aws_cloudfront_distribution.cdn",
            "module.frontend.aws_cloudfront_origin_access_control.default",
            "module.frontend.aws_s3_bucket.react_app",
            "module.frontend.data.aws_iam_policy_document.s3_policy",
            "module.vpc.aws_subnet.public_1",
            "module.vpc.aws_subnet.public_2",
            "module.vpc.aws_vpc.main"
          ]
        }
      ]
    },
    {
      "module": "module.frontend",
      "mode": "managed",
      "type": "aws_s3_bucket_public_access_block",
      "name": "react_app",
      "provider": "provider[\"registry.terraform.io/hashicorp/aws\"]",
      "instances": [
        {
          "schema_version": 0,
          "attributes": {
            "block_public_acls": true,
            "block_public_policy": true,
            "bucket": "production-vitalsync-frontend",
            "id": "production-vitalsync-frontend",
            "ignore_public_acls": true,
            "restrict_public_buckets": true
          },
          "sensitive_attributes": [],
          "identity_schema_version": 0,
          "private": "bnVsbA==",
          "dependencies": [
            "module.frontend.aws_s3_bucket.react_app"
          ]
        }
      ]
    },
    {
      "module": "module.rds",
      "mode": "managed",
      "type": "aws_db_instance",
      "name": "main",
      "provider": "provider[\"registry.terraform.io/hashicorp/aws\"]",
      "instances": [
        {
          "schema_version": 2,
          "attributes": {
            "address": "production-vitalsync-db.cg5w6wek0r9v.us-east-1.rds.amazonaws.com",
            "allocated_storage": 20,
            "allow_major_version_upgrade": null,
            "apply_immediately": false,
            "arn": "arn:aws:rds:us-east-1:806435615853:db:production-vitalsync-db",
            "auto_minor_version_upgrade": true,
            "availability_zone": "us-east-1a",
            "backup_retention_period": 0,
            "backup_target": "region",
            "backup_window": "07:54-08:24",
            "blue_green_update": [],
            "ca_cert_identifier": "rds-ca-rsa2048-g1",
            "character_set_name": "",
            "copy_tags_to_snapshot": false,
            "custom_iam_instance_profile": "",
            "customer_owned_ip_enabled": false,
            "database_insights_mode": "standard",
            "db_name": "vitalsync",
            "db_subnet_group_name": "production-vitalsync-db-subnet-group",
            "dedicated_log_volume": false,
            "delete_automated_backups": true,
            "deletion_protection": false,
            "domain": "",
            "domain_auth_secret_arn": "",
            "domain_dns_ips": [],
            "domain_fqdn": "",
            "domain_iam_role_name": "",
            "domain_ou": "",
            "enabled_cloudwatch_logs_exports": [],
            "endpoint": "production-vitalsync-db.cg5w6wek0r9v.us-east-1.rds.amazonaws.com:3306",
            "engine": "mysql",
            "engine_lifecycle_support": "open-source-rds-extended-support",
            "engine_version": "8.0",
            "engine_version_actual": "8.0.45",
            "final_snapshot_identifier": null,
            "hosted_zone_id": "Z2R2ITUGPM61AM",
            "iam_database_authentication_enabled": false,
            "id": "db-QMVDZM23MPU4VUUOS5YYGQA5SM",
            "identifier": "production-vitalsync-db",
            "identifier_prefix": "",
            "instance_class": "db.t4g.micro",
            "iops": 0,
            "kms_key_id": "",
            "latest_restorable_time": "",
            "license_model": "general-public-license",
            "listener_endpoint": [],
            "maintenance_window": "thu:09:56-thu:10:26",
            "manage_master_user_password": null,
            "master_user_secret": [],
            "master_user_secret_kms_key_id": null,
            "max_allocated_storage": 0,
            "monitoring_interval": 0,
            "monitoring_role_arn": "",
            "multi_az": false,
            "nchar_character_set_name": "",
            "network_type": "IPV4",
            "option_group_name": "default:mysql-8-0",
            "parameter_group_name": "default.mysql8.0",
            "password": "vitalsync_admin_pass_123",
            "password_wo": null,
            "password_wo_version": null,
            "performance_insights_enabled": false,
            "performance_insights_kms_key_id": "",
            "performance_insights_retention_period": 0,
            "port": 3306,
            "publicly_accessible": false,
            "replica_mode": "",
            "replicas": [],
            "replicate_source_db": "",
            "resource_id": "db-QMVDZM23MPU4VUUOS5YYGQA5SM",
            "restore_to_point_in_time": [],
            "s3_import": [],
            "skip_final_snapshot": true,
            "snapshot_identifier": null,
            "status": "available",
            "storage_encrypted": false,
            "storage_throughput": 0,
            "storage_type": "gp2",
            "tags": {
              "Environment": "production",
              "Name": "production-vitalsync-db"
            },
            "tags_all": {
              "Environment": "production",
              "Name": "production-vitalsync-db"
            },
            "timeouts": null,
            "timezone": "",
            "upgrade_storage_config": null,
            "username": "admin",
            "vpc_security_group_ids": [
              "sg-073f6629dd1f1ac83"
            ]
          },
          "sensitive_attributes": [
            [
              {
                "type": "get_attr",
                "value": "password"
              }
            ],
            [
              {
                "type": "get_attr",
                "value": "password_wo"
              }
            ]
          ],
          "identity_schema_version": 0,
          "private": "eyJlMmJmYjczMC1lY2FhLTExZTYtOGY4OC0zNDM2M2JjN2M0YzAiOnsiY3JlYXRlIjozMDAwMDAwMDAwMDAwLCJkZWxldGUiOjM2MDAwMDAwMDAwMDAsInVwZGF0ZSI6NDgwMDAwMDAwMDAwMH0sInNjaGVtYV92ZXJzaW9uIjoiMiJ9",
          "dependencies": [
            "module.rds.aws_db_subnet_group.main",
            "module.rds.aws_security_group.rds",
            "module.vpc.aws_subnet.private_1",
            "module.vpc.aws_subnet.private_2",
            "module.vpc.aws_vpc.main"
          ]
        }
      ]
    },
    {
      "module": "module.rds",
      "mode": "managed",
      "type": "aws_db_subnet_group",
      "name": "main",
      "provider": "provider[\"registry.terraform.io/hashicorp/aws\"]",
      "instances": [
        {
          "schema_version": 0,
          "attributes": {
            "arn": "arn:aws:rds:us-east-1:806435615853:subgrp:production-vitalsync-db-subnet-group",
            "description": "Managed by Terraform",
            "id": "production-vitalsync-db-subnet-group",
            "name": "production-vitalsync-db-subnet-group",
            "name_prefix": "",
            "subnet_ids": [
              "subnet-0548e479ff7bc3ce1",
              "subnet-0c3df08b1e2c086b2"
            ],
            "supported_network_types": [
              "IPV4"
            ],
            "tags": {
              "Environment": "production",
              "Name": "production-vitalsync-db-subnet-group"
            },
            "tags_all": {
              "Environment": "production",
              "Name": "production-vitalsync-db-subnet-group"
            },
            "vpc_id": "vpc-0e7252c83e509fb12"
          },
          "sensitive_attributes": [],
          "identity_schema_version": 0,
          "private": "bnVsbA==",
          "dependencies": [
            "module.vpc.aws_subnet.private_1",
            "module.vpc.aws_subnet.private_2",
            "module.vpc.aws_vpc.main"
          ]
        }
      ]
    },
    {
      "module": "module.rds",
      "mode": "managed",
      "type": "aws_security_group",
      "name": "rds",
      "provider": "provider[\"registry.terraform.io/hashicorp/aws\"]",
      "instances": [
        {
          "schema_version": 1,
          "attributes": {
            "arn": "arn:aws:ec2:us-east-1:806435615853:security-group/sg-073f6629dd1f1ac83",
            "description": "Allow MySQL inbound traffic from VPC",
            "egress": [
              {
                "cidr_blocks": [
                  "0.0.0.0/0"
                ],
                "description": "",
                "from_port": 0,
                "ipv6_cidr_blocks": [],
                "prefix_list_ids": [],
                "protocol": "-1",
                "security_groups": [],
                "self": false,
                "to_port": 0
              }
            ],
            "id": "sg-073f6629dd1f1ac83",
            "ingress": [
              {
                "cidr_blocks": [
                  "10.0.0.0/16"
                ],
                "description": "MySQL from VPC",
                "from_port": 3306,
                "ipv6_cidr_blocks": [],
                "prefix_list_ids": [],
                "protocol": "tcp",
                "security_groups": [],
                "self": false,
                "to_port": 3306
              }
            ],
            "name": "production-vitalsync-rds-sg",
            "name_prefix": "",
            "owner_id": "806435615853",
            "revoke_rules_on_delete": false,
            "tags": {
              "Environment": "production",
              "Name": "production-vitalsync-rds-sg"
            },
            "tags_all": {
              "Environment": "production",
              "Name": "production-vitalsync-rds-sg"
            },
            "timeouts": null,
            "vpc_id": "vpc-0e7252c83e509fb12"
          },
          "sensitive_attributes": [],
          "identity_schema_version": 0,
          "private": "eyJlMmJmYjczMC1lY2FhLTExZTYtOGY4OC0zNDM2M2JjN2M0YzAiOnsiY3JlYXRlIjo2MDAwMDAwMDAwMDAsImRlbGV0ZSI6OTAwMDAwMDAwMDAwfSwic2NoZW1hX3ZlcnNpb24iOiIxIn0=",
          "dependencies": [
            "module.vpc.aws_vpc.main"
          ]
        }
      ]
    },
    {
      "module": "module.vpc",
      "mode": "managed",
      "type": "aws_eip",
      "name": "nat",
      "provider": "provider[\"registry.terraform.io/hashicorp/aws\"]",
      "instances": [
        {
          "schema_version": 0,
          "attributes": {
            "address": null,
            "allocation_id": "eipalloc-02e45041904801533",
            "arn": "arn:aws:ec2:us-east-1:806435615853:elastic-ip/eipalloc-02e45041904801533",
            "associate_with_private_ip": null,
            "association_id": "eipassoc-0469c2d7a896ce6d5",
            "carrier_ip": "",
            "customer_owned_ip": "",
            "customer_owned_ipv4_pool": "",
            "domain": "vpc",
            "id": "eipalloc-02e45041904801533",
            "instance": "",
            "ipam_pool_id": null,
            "network_border_group": "us-east-1",
            "network_interface": "eni-0641596f83a613df9",
            "private_dns": "ip-10-0-1-138.ec2.internal",
            "private_ip": "10.0.1.138",
            "ptr_record": "",
            "public_dns": "ec2-3-233-119-230.compute-1.amazonaws.com",
            "public_ip": "3.233.119.230",
            "public_ipv4_pool": "amazon",
            "tags": {
              "Environment": "production",
              "Name": "production-nat-eip"
            },
            "tags_all": {
              "Environment": "production",
              "Name": "production-nat-eip"
            },
            "timeouts": null,
            "vpc": true
          },
          "sensitive_attributes": [],
          "identity_schema_version": 0,
          "private": "eyJlMmJmYjczMC1lY2FhLTExZTYtOGY4OC0zNDM2M2JjN2M0YzAiOnsiZGVsZXRlIjoxODAwMDAwMDAwMDAsInJlYWQiOjkwMDAwMDAwMDAwMCwidXBkYXRlIjozMDAwMDAwMDAwMDB9fQ=="
        }
      ]
    },
    {
      "module": "module.vpc",
      "mode": "managed",
      "type": "aws_internet_gateway",
      "name": "main",
      "provider": "provider[\"registry.terraform.io/hashicorp/aws\"]",
      "instances": [
        {
          "schema_version": 0,
          "attributes": {
            "arn": "arn:aws:ec2:us-east-1:806435615853:internet-gateway/igw-042f1ac1974fc669c",
            "id": "igw-042f1ac1974fc669c",
            "owner_id": "806435615853",
            "tags": {
              "Environment": "production",
              "Name": "production-vitalsync-igw"
            },
            "tags_all": {
              "Environment": "production",
              "Name": "production-vitalsync-igw"
            },
            "timeouts": null,
            "vpc_id": "vpc-0e7252c83e509fb12"
          },
          "sensitive_attributes": [],
          "identity_schema_version": 0,
          "private": "eyJlMmJmYjczMC1lY2FhLTExZTYtOGY4OC0zNDM2M2JjN2M0YzAiOnsiY3JlYXRlIjoxMjAwMDAwMDAwMDAwLCJkZWxldGUiOjEyMDAwMDAwMDAwMDAsInVwZGF0ZSI6MTIwMDAwMDAwMDAwMH19",
          "dependencies": [
            "module.vpc.aws_vpc.main"
          ]
        }
      ]
    },
    {
      "module": "module.vpc",
      "mode": "managed",
      "type": "aws_nat_gateway",
      "name": "main",
      "provider": "provider[\"registry.terraform.io/hashicorp/aws\"]",
      "instances": [
        {
          "schema_version": 0,
          "attributes": {
            "allocation_id": "eipalloc-02e45041904801533",
            "association_id": "eipassoc-0469c2d7a896ce6d5",
            "connectivity_type": "public",
            "id": "nat-05aae9d8b6c02999a",
            "network_interface_id": "eni-0641596f83a613df9",
            "private_ip": "10.0.1.138",
            "public_ip": "3.233.119.230",
            "secondary_allocation_ids": [],
            "secondary_private_ip_address_count": 0,
            "secondary_private_ip_addresses": [],
            "subnet_id": "subnet-08b0a0182e395eff5",
            "tags": {
              "Environment": "production",
              "Name": "production-nat-gw"
            },
            "tags_all": {
              "Environment": "production",
              "Name": "production-nat-gw"
            },
            "timeouts": null
          },
          "sensitive_attributes": [],
          "identity_schema_version": 0,
          "private": "eyJlMmJmYjczMC1lY2FhLTExZTYtOGY4OC0zNDM2M2JjN2M0YzAiOnsiY3JlYXRlIjo2MDAwMDAwMDAwMDAsImRlbGV0ZSI6MTgwMDAwMDAwMDAwMCwidXBkYXRlIjo2MDAwMDAwMDAwMDB9fQ==",
          "dependencies": [
            "module.vpc.aws_eip.nat",
            "module.vpc.aws_internet_gateway.main",
            "module.vpc.aws_subnet.public_1",
            "module.vpc.aws_vpc.main"
          ]
        }
      ]
    },
    {
      "module": "module.vpc",
      "mode": "managed",
      "type": "aws_route_table",
      "name": "private",
      "provider": "provider[\"registry.terraform.io/hashicorp/aws\"]",
      "instances": [
        {
          "schema_version": 0,
          "attributes": {
            "arn": "arn:aws:ec2:us-east-1:806435615853:route-table/rtb-07d6d999d10477655",
            "id": "rtb-07d6d999d10477655",
            "owner_id": "806435615853",
            "propagating_vgws": [],
            "route": [
              {
                "carrier_gateway_id": "",
                "cidr_block": "0.0.0.0/0",
                "core_network_arn": "",
                "destination_prefix_list_id": "",
                "egress_only_gateway_id": "",
                "gateway_id": "",
                "ipv6_cidr_block": "",
                "local_gateway_id": "",
                "nat_gateway_id": "nat-05aae9d8b6c02999a",
                "network_interface_id": "",
                "transit_gateway_id": "",
                "vpc_endpoint_id": "",
                "vpc_peering_connection_id": ""
              }
            ],
            "tags": {
              "Environment": "production",
              "Name": "production-private-rt"
            },
            "tags_all": {
              "Environment": "production",
              "Name": "production-private-rt"
            },
            "timeouts": null,
            "vpc_id": "vpc-0e7252c83e509fb12"
          },
          "sensitive_attributes": [],
          "identity_schema_version": 0,
          "private": "eyJlMmJmYjczMC1lY2FhLTExZTYtOGY4OC0zNDM2M2JjN2M0YzAiOnsiY3JlYXRlIjozMDAwMDAwMDAwMDAsImRlbGV0ZSI6MzAwMDAwMDAwMDAwLCJ1cGRhdGUiOjEyMDAwMDAwMDAwMH19",
          "dependencies": [
            "module.vpc.aws_eip.nat",
            "module.vpc.aws_internet_gateway.main",
            "module.vpc.aws_nat_gateway.main",
            "module.vpc.aws_subnet.public_1",
            "module.vpc.aws_vpc.main"
          ]
        }
      ]
    },
    {
      "module": "module.vpc",
      "mode": "managed",
      "type": "aws_route_table",
      "name": "public",
      "provider": "provider[\"registry.terraform.io/hashicorp/aws\"]",
      "instances": [
        {
          "schema_version": 0,
          "attributes": {
            "arn": "arn:aws:ec2:us-east-1:806435615853:route-table/rtb-08b259f514fc9db26",
            "id": "rtb-08b259f514fc9db26",
            "owner_id": "806435615853",
            "propagating_vgws": [],
            "route": [
              {
                "carrier_gateway_id": "",
                "cidr_block": "0.0.0.0/0",
                "core_network_arn": "",
                "destination_prefix_list_id": "",
                "egress_only_gateway_id": "",
                "gateway_id": "igw-042f1ac1974fc669c",
                "ipv6_cidr_block": "",
                "local_gateway_id": "",
                "nat_gateway_id": "",
                "network_interface_id": "",
                "transit_gateway_id": "",
                "vpc_endpoint_id": "",
                "vpc_peering_connection_id": ""
              }
            ],
            "tags": {
              "Environment": "production",
              "Name": "production-public-rt"
            },
            "tags_all": {
              "Environment": "production",
              "Name": "production-public-rt"
            },
            "timeouts": null,
            "vpc_id": "vpc-0e7252c83e509fb12"
          },
          "sensitive_attributes": [],
          "identity_schema_version": 0,
          "private": "eyJlMmJmYjczMC1lY2FhLTExZTYtOGY4OC0zNDM2M2JjN2M0YzAiOnsiY3JlYXRlIjozMDAwMDAwMDAwMDAsImRlbGV0ZSI6MzAwMDAwMDAwMDAwLCJ1cGRhdGUiOjEyMDAwMDAwMDAwMH19",
          "dependencies": [
            "module.vpc.aws_internet_gateway.main",
            "module.vpc.aws_vpc.main"
          ]
        }
      ]
    },
    {
      "module": "module.vpc",
      "mode": "managed",
      "type": "aws_route_table_association",
      "name": "private_1",
      "provider": "provider[\"registry.terraform.io/hashicorp/aws\"]",
      "instances": [
        {
          "schema_version": 0,
          "attributes": {
            "gateway_id": "",
            "id": "rtbassoc-0d2a2f299bf12497b",
            "route_table_id": "rtb-07d6d999d10477655",
            "subnet_id": "subnet-0c3df08b1e2c086b2",
            "timeouts": null
          },
          "sensitive_attributes": [],
          "identity_schema_version": 0,
          "private": "eyJlMmJmYjczMC1lY2FhLTExZTYtOGY4OC0zNDM2M2JjN2M0YzAiOnsiY3JlYXRlIjozMDAwMDAwMDAwMDAsImRlbGV0ZSI6MzAwMDAwMDAwMDAwLCJ1cGRhdGUiOjEyMDAwMDAwMDAwMH19",
          "dependencies": [
            "module.vpc.aws_eip.nat",
            "module.vpc.aws_internet_gateway.main",
            "module.vpc.aws_nat_gateway.main",
            "module.vpc.aws_route_table.private",
            "module.vpc.aws_subnet.private_1",
            "module.vpc.aws_subnet.public_1",
            "module.vpc.aws_vpc.main"
          ]
        }
      ]
    },
    {
      "module": "module.vpc",
      "mode": "managed",
      "type": "aws_route_table_association",
      "name": "private_2",
      "provider": "provider[\"registry.terraform.io/hashicorp/aws\"]",
      "instances": [
        {
          "schema_version": 0,
          "attributes": {
            "gateway_id": "",
            "id": "rtbassoc-0c23af27223c308dd",
            "route_table_id": "rtb-07d6d999d10477655",
            "subnet_id": "subnet-0548e479ff7bc3ce1",
            "timeouts": null
          },
          "sensitive_attributes": [],
          "identity_schema_version": 0,
          "private": "eyJlMmJmYjczMC1lY2FhLTExZTYtOGY4OC0zNDM2M2JjN2M0YzAiOnsiY3JlYXRlIjozMDAwMDAwMDAwMDAsImRlbGV0ZSI6MzAwMDAwMDAwMDAwLCJ1cGRhdGUiOjEyMDAwMDAwMDAwMH19",
          "dependencies": [
            "module.vpc.aws_eip.nat",
            "module.vpc.aws_internet_gateway.main",
            "module.vpc.aws_nat_gateway.main",
            "module.vpc.aws_route_table.private",
            "module.vpc.aws_subnet.private_2",
            "module.vpc.aws_subnet.public_1",
            "module.vpc.aws_vpc.main"
          ]
        }
      ]
    },
    {
      "module": "module.vpc",
      "mode": "managed",
      "type": "aws_route_table_association",
      "name": "public_1",
      "provider": "provider[\"registry.terraform.io/hashicorp/aws\"]",
      "instances": [
        {
          "schema_version": 0,
          "attributes": {
            "gateway_id": "",
            "id": "rtbassoc-0f1397202b4bddb7e",
            "route_table_id": "rtb-08b259f514fc9db26",
            "subnet_id": "subnet-08b0a0182e395eff5",
            "timeouts": null
          },
          "sensitive_attributes": [],
          "identity_schema_version": 0,
          "private": "eyJlMmJmYjczMC1lY2FhLTExZTYtOGY4OC0zNDM2M2JjN2M0YzAiOnsiY3JlYXRlIjozMDAwMDAwMDAwMDAsImRlbGV0ZSI6MzAwMDAwMDAwMDAwLCJ1cGRhdGUiOjEyMDAwMDAwMDAwMH19",
          "dependencies": [
            "module.vpc.aws_internet_gateway.main",
            "module.vpc.aws_route_table.public",
            "module.vpc.aws_subnet.public_1",
            "module.vpc.aws_vpc.main"
          ]
        }
      ]
    },
    {
      "module": "module.vpc",
      "mode": "managed",
      "type": "aws_route_table_association",
      "name": "public_2",
      "provider": "provider[\"registry.terraform.io/hashicorp/aws\"]",
      "instances": [
        {
          "schema_version": 0,
          "attributes": {
            "gateway_id": "",
            "id": "rtbassoc-0c8a04d334d88e2b4",
            "route_table_id": "rtb-08b259f514fc9db26",
            "subnet_id": "subnet-04581153589841d2d",
            "timeouts": null
          },
          "sensitive_attributes": [],
          "identity_schema_version": 0,
          "private": "eyJlMmJmYjczMC1lY2FhLTExZTYtOGY4OC0zNDM2M2JjN2M0YzAiOnsiY3JlYXRlIjozMDAwMDAwMDAwMDAsImRlbGV0ZSI6MzAwMDAwMDAwMDAwLCJ1cGRhdGUiOjEyMDAwMDAwMDAwMH19",
          "dependencies": [
            "module.vpc.aws_internet_gateway.main",
            "module.vpc.aws_route_table.public",
            "module.vpc.aws_subnet.public_2",
            "module.vpc.aws_vpc.main"
          ]
        }
      ]
    },
    {
      "module": "module.vpc",
      "mode": "managed",
      "type": "aws_subnet",
      "name": "private_1",
      "provider": "provider[\"registry.terraform.io/hashicorp/aws\"]",
      "instances": [
        {
          "schema_version": 1,
          "attributes": {
            "arn": "arn:aws:ec2:us-east-1:806435615853:subnet/subnet-0c3df08b1e2c086b2",
            "assign_ipv6_address_on_creation": false,
            "availability_zone": "us-east-1a",
            "availability_zone_id": "use1-az1",
            "cidr_block": "10.0.3.0/24",
            "customer_owned_ipv4_pool": "",
            "enable_dns64": false,
            "enable_lni_at_device_index": 0,
            "enable_resource_name_dns_a_record_on_launch": false,
            "enable_resource_name_dns_aaaa_record_on_launch": false,
            "id": "subnet-0c3df08b1e2c086b2",
            "ipv6_cidr_block": "",
            "ipv6_cidr_block_association_id": "",
            "ipv6_native": false,
            "map_customer_owned_ip_on_launch": false,
            "map_public_ip_on_launch": false,
            "outpost_arn": "",
            "owner_id": "806435615853",
            "private_dns_hostname_type_on_launch": "ip-name",
            "tags": {
              "Environment": "production",
              "Name": "production-private-1"
            },
            "tags_all": {
              "Environment": "production",
              "Name": "production-private-1"
            },
            "timeouts": null,
            "vpc_id": "vpc-0e7252c83e509fb12"
          },
          "sensitive_attributes": [],
          "identity_schema_version": 0,
          "private": "eyJlMmJmYjczMC1lY2FhLTExZTYtOGY4OC0zNDM2M2JjN2M0YzAiOnsiY3JlYXRlIjo2MDAwMDAwMDAwMDAsImRlbGV0ZSI6MTIwMDAwMDAwMDAwMH0sInNjaGVtYV92ZXJzaW9uIjoiMSJ9",
          "dependencies": [
            "module.vpc.aws_vpc.main"
          ]
        }
      ]
    },
    {
      "module": "module.vpc",
      "mode": "managed",
      "type": "aws_subnet",
      "name": "private_2",
      "provider": "provider[\"registry.terraform.io/hashicorp/aws\"]",
      "instances": [
        {
          "schema_version": 1,
          "attributes": {
            "arn": "arn:aws:ec2:us-east-1:806435615853:subnet/subnet-0548e479ff7bc3ce1",
            "assign_ipv6_address_on_creation": false,
            "availability_zone": "us-east-1b",
            "availability_zone_id": "use1-az2",
            "cidr_block": "10.0.4.0/24",
            "customer_owned_ipv4_pool": "",
            "enable_dns64": false,
            "enable_lni_at_device_index": 0,
            "enable_resource_name_dns_a_record_on_launch": false,
            "enable_resource_name_dns_aaaa_record_on_launch": false,
            "id": "subnet-0548e479ff7bc3ce1",
            "ipv6_cidr_block": "",
            "ipv6_cidr_block_association_id": "",
            "ipv6_native": false,
            "map_customer_owned_ip_on_launch": false,
            "map_public_ip_on_launch": false,
            "outpost_arn": "",
            "owner_id": "806435615853",
            "private_dns_hostname_type_on_launch": "ip-name",
            "tags": {
              "Environment": "production",
              "Name": "production-private-2"
            },
            "tags_all": {
              "Environment": "production",
              "Name": "production-private-2"
            },
            "timeouts": null,
            "vpc_id": "vpc-0e7252c83e509fb12"
          },
          "sensitive_attributes": [],
          "identity_schema_version": 0,
          "private": "eyJlMmJmYjczMC1lY2FhLTExZTYtOGY4OC0zNDM2M2JjN2M0YzAiOnsiY3JlYXRlIjo2MDAwMDAwMDAwMDAsImRlbGV0ZSI6MTIwMDAwMDAwMDAwMH0sInNjaGVtYV92ZXJzaW9uIjoiMSJ9",
          "dependencies": [
            "module.vpc.aws_vpc.main"
          ]
        }
      ]
    },
    {
      "module": "module.vpc",
      "mode": "managed",
      "type": "aws_subnet",
      "name": "public_1",
      "provider": "provider[\"registry.terraform.io/hashicorp/aws\"]",
      "instances": [
        {
          "schema_version": 1,
          "attributes": {
            "arn": "arn:aws:ec2:us-east-1:806435615853:subnet/subnet-08b0a0182e395eff5",
            "assign_ipv6_address_on_creation": false,
            "availability_zone": "us-east-1a",
            "availability_zone_id": "use1-az1",
            "cidr_block": "10.0.1.0/24",
            "customer_owned_ipv4_pool": "",
            "enable_dns64": false,
            "enable_lni_at_device_index": 0,
            "enable_resource_name_dns_a_record_on_launch": false,
            "enable_resource_name_dns_aaaa_record_on_launch": false,
            "id": "subnet-08b0a0182e395eff5",
            "ipv6_cidr_block": "",
            "ipv6_cidr_block_association_id": "",
            "ipv6_native": false,
            "map_customer_owned_ip_on_launch": false,
            "map_public_ip_on_launch": true,
            "outpost_arn": "",
            "owner_id": "806435615853",
            "private_dns_hostname_type_on_launch": "ip-name",
            "tags": {
              "Environment": "production",
              "Name": "production-public-1"
            },
            "tags_all": {
              "Environment": "production",
              "Name": "production-public-1"
            },
            "timeouts": null,
            "vpc_id": "vpc-0e7252c83e509fb12"
          },
          "sensitive_attributes": [],
          "identity_schema_version": 0,
          "private": "eyJlMmJmYjczMC1lY2FhLTExZTYtOGY4OC0zNDM2M2JjN2M0YzAiOnsiY3JlYXRlIjo2MDAwMDAwMDAwMDAsImRlbGV0ZSI6MTIwMDAwMDAwMDAwMH0sInNjaGVtYV92ZXJzaW9uIjoiMSJ9",
          "dependencies": [
            "module.vpc.aws_vpc.main"
          ]
        }
      ]
    },
    {
      "module": "module.vpc",
      "mode": "managed",
      "type": "aws_subnet",
      "name": "public_2",
      "provider": "provider[\"registry.terraform.io/hashicorp/aws\"]",
      "instances": [
        {
          "schema_version": 1,
          "attributes": {
            "arn": "arn:aws:ec2:us-east-1:806435615853:subnet/subnet-04581153589841d2d",
            "assign_ipv6_address_on_creation": false,
            "availability_zone": "us-east-1b",
            "availability_zone_id": "use1-az2",
            "cidr_block": "10.0.2.0/24",
            "customer_owned_ipv4_pool": "",
            "enable_dns64": false,
            "enable_lni_at_device_index": 0,
            "enable_resource_name_dns_a_record_on_launch": false,
            "enable_resource_name_dns_aaaa_record_on_launch": false,
            "id": "subnet-04581153589841d2d",
            "ipv6_cidr_block": "",
            "ipv6_cidr_block_association_id": "",
            "ipv6_native": false,
            "map_customer_owned_ip_on_launch": false,
            "map_public_ip_on_launch": true,
            "outpost_arn": "",
            "owner_id": "806435615853",
            "private_dns_hostname_type_on_launch": "ip-name",
            "tags": {
              "Environment": "production",
              "Name": "production-public-2"
            },
            "tags_all": {
              "Environment": "production",
              "Name": "production-public-2"
            },
            "timeouts": null,
            "vpc_id": "vpc-0e7252c83e509fb12"
          },
          "sensitive_attributes": [],
          "identity_schema_version": 0,
          "private": "eyJlMmJmYjczMC1lY2FhLTExZTYtOGY4OC0zNDM2M2JjN2M0YzAiOnsiY3JlYXRlIjo2MDAwMDAwMDAwMDAsImRlbGV0ZSI6MTIwMDAwMDAwMDAwMH0sInNjaGVtYV92ZXJzaW9uIjoiMSJ9",
          "dependencies": [
            "module.vpc.aws_vpc.main"
          ]
        }
      ]
    },
    {
      "module": "module.vpc",
      "mode": "managed",
      "type": "aws_vpc",
      "name": "main",
      "provider": "provider[\"registry.terraform.io/hashicorp/aws\"]",
      "instances": [
        {
          "schema_version": 1,
          "attributes": {
            "arn": "arn:aws:ec2:us-east-1:806435615853:vpc/vpc-0e7252c83e509fb12",
            "assign_generated_ipv6_cidr_block": false,
            "cidr_block": "10.0.0.0/16",
            "default_network_acl_id": "acl-07f09446e786bf656",
            "default_route_table_id": "rtb-0bc62e150fe6483f2",
            "default_security_group_id": "sg-0b674cd8c7f9e26aa",
            "dhcp_options_id": "dopt-0069354c3844cfc84",
            "enable_dns_hostnames": true,
            "enable_dns_support": true,
            "enable_network_address_usage_metrics": false,
            "id": "vpc-0e7252c83e509fb12",
            "instance_tenancy": "default",
            "ipv4_ipam_pool_id": null,
            "ipv4_netmask_length": null,
            "ipv6_association_id": "",
            "ipv6_cidr_block": "",
            "ipv6_cidr_block_network_border_group": "",
            "ipv6_ipam_pool_id": "",
            "ipv6_netmask_length": 0,
            "main_route_table_id": "rtb-0bc62e150fe6483f2",
            "owner_id": "806435615853",
            "tags": {
              "Environment": "production",
              "Name": "production-vitalsync-vpc"
            },
            "tags_all": {
              "Environment": "production",
              "Name": "production-vitalsync-vpc"
            }
          },
          "sensitive_attributes": [],
          "identity_schema_version": 0,
          "private": "eyJzY2hlbWFfdmVyc2lvbiI6IjEifQ=="
        }
      ]
    }
  ],
  "check_results": null
}
